
Microsoft Visual Studio Solution File, Format Version 12.00
# Visual Studio 14
VisualStudioVersion = 14.0.24720.0
MinimumVisualStudioVersion = 10.0.40219.1
Project("{FAE04EC0-301F-11D3-BF4B-00C04F79EFBC}") = "Requests", "Requests\Requests.csproj", "{CC341EA6-DA2B-4135-8786-E02AFB54EFEA}"
EndProject
Project("{FAE04EC0-301F-11D3-BF4B-00C04F79EFBC}") = "RequestsTest", "RequestsTest\RequestsTest.csproj", "{9E948B6F-8134-41AB-80A5-BE14962AD4E0}"
EndProject
Project("{2150E333-8FDC-42A3-9474-1A3956D46DE8}") = "Solution Items", "Solution Items", "{C089D67B-A5D0-4327-B062-28D9E00B0662}"
	ProjectSection(SolutionItems) = preProject
		.gitignore = .gitignore
		appveyor.yml = appveyor.yml
	EndProjectSection
EndProject
Global
	GlobalSection(SolutionConfigurationPlatforms) = preSolution
		Debug|Any CPU = Debug|Any CPU
		Release|Any CPU = Release|Any CPU
	EndGlobalSection
	GlobalSection(ProjectConfigurationPlatforms) = postSolution
		{CC341EA6-DA2B-4135-8786-E02AFB54EFEA}.Debug|Any CPU.ActiveCfg = Debug|Any CPU
		{CC341EA6-DA2B-4135-8786-E02AFB54EFEA}.Debug|Any CPU.Build.0 = Debug|Any CPU
		{CC341EA6-DA2B-4135-8786-E02AFB54EFEA}.Release|Any CPU.ActiveCfg = Release|Any CPU
		{CC341EA6-DA2B-4135-8786-E02AFB54EFEA}.Release|Any CPU.Build.0 = Release|Any CPU
		{9E948B6F-8134-41AB-80A5-BE14962AD4E0}.Debug|Any CPU.ActiveCfg = Debug|Any CPU
		{9E948B6F-8134-41AB-80A5-BE14962AD4E0}.Debug|Any CPU.Build.0 = Debug|Any CPU
		{9E948B6F-8134-41AB-80A5-BE14962AD4E0}.Release|Any CPU.ActiveCfg = Release|Any CPU
		{9E948B6F-8134-41AB-80A5-BE14962AD4E0}.Release|Any CPU.Build.0 = Release|Any CPU
	EndGlobalSection
	GlobalSection(SolutionProperties) = preSolution
		HideSolutionNode = FALSE
	EndGlobalSection
EndGlobal
